// !$*UTF8*$!
{
	archiveVersion = 1;
	classes = {
	};
	objectVersion = 77;
	objects = {

/* Begin PBXBuildFile section */
		004400BC2E5B488B00CB664B /* UIKit.framework in Frameworks */ = {isa = PBXBuildFile; fileRef = 004400BB2E5B488B00CB664B /* UIKit.framework */; };
		004400C12E5B52C300CB664B /* CoreText.framework in Frameworks */ = {isa = PBXBuildFile; fileRef = 004400C02E5B52C300CB664B /* CoreText.framework */; };
		004400C32E5B52CC00CB664B /* CoreGraphics.framework in Frameworks */ = {isa = PBXBuildFile; fileRef = 004400C22E5B52CC00CB664B /* CoreGraphics.framework */; };
		004400C52E5B52F800CB664B /* libz.tbd in Frameworks */ = {isa = PBXBuildFile; fileRef = 004400C42E5B52F800CB664B /* libz.tbd */; };
		004400C72E5B533100CB664B /* libiconv.tbd in Frameworks */ = {isa = PBXBuildFile; fileRef = 004400C62E5B533100CB664B /* libiconv.tbd */; };
/* End PBXBuildFile section */

/* Begin PBXContainerItemProxy section */
		0044F9102E5B294C00CB664B /* PBXContainerItemProxy */ = {
			isa = PBXContainerItemProxy;
			containerPortal = 0044F8EC2E5B294B00CB664B /* Project object */;
			proxyType = 1;
			remoteGlobalIDString = 0044F8F32E5B294B00CB664B;
			remoteInfo = ImagemagickDemo;
		};
		0044F91A2E5B294C00CB664B /* PBXContainerItemProxy */ = {
			isa = PBXContainerItemProxy;
			containerPortal = 0044F8EC2E5B294B00CB664B /* Project object */;
			proxyType = 1;
			remoteGlobalIDString = 0044F8F32E5B294B00CB664B;
			remoteInfo = ImagemagickDemo;
		};
/* End PBXContainerItemProxy section */

/* Begin PBXFileReference section */
		004400BB2E5B488B00CB664B /* UIKit.framework */ = {isa = PBXFileReference; lastKnownFileType = wrapper.framework; name = UIKit.framework; path = System/Library/Frameworks/UIKit.framework; sourceTree = SDKROOT; };
		004400C02E5B52C300CB664B /* CoreText.framework */ = {isa = PBXFileReference; lastKnownFileType = wrapper.framework; name = CoreText.framework; path = System/Library/Frameworks/CoreText.framework; sourceTree = SDKROOT; };
		004400C22E5B52CC00CB664B /* CoreGraphics.framework */ = {isa = PBXFileReference; lastKnownFileType = wrapper.framework; name = CoreGraphics.framework; path = System/Library/Frameworks/CoreGraphics.framework; sourceTree = SDKROOT; };
		004400C42E5B52F800CB664B /* libz.tbd */ = {isa = PBXFileReference; lastKnownFileType = "sourcecode.text-based-dylib-definition"; name = libz.tbd; path = usr/lib/libz.tbd; sourceTree = SDKROOT; };
		004400C62E5B533100CB664B /* libiconv.tbd */ = {isa = PBXFileReference; lastKnownFileType = "sourcecode.text-based-dylib-definition"; name = libiconv.tbd; path = usr/lib/libiconv.tbd; sourceTree = SDKROOT; };
		0044F8F42E5B294B00CB664B /* ImagemagickDemo.app */ = {isa = PBXFileReference; explicitFileType = wrapper.application; includeInIndex = 0; path = ImagemagickDemo.app; sourceTree = BUILT_PRODUCTS_DIR; };
		0044F90F2E5B294C00CB664B /* ImagemagickDemoTests.xctest */ = {isa = PBXFileReference; explicitFileType = wrapper.cfbundle; includeInIndex = 0; path = ImagemagickDemoTests.xctest; sourceTree = BUILT_PRODUCTS_DIR; };
		0044F9192E5B294C00CB664B /* ImagemagickDemoUITests.xctest */ = {isa = PBXFileReference; explicitFileType = wrapper.cfbundle; includeInIndex = 0; path = ImagemagickDemoUITests.xctest; sourceTree = BUILT_PRODUCTS_DIR; };
/* End PBXFileReference section */

/* Begin PBXFileSystemSynchronizedBuildFileExceptionSet section */
		0044F9212E5B294C00CB664B /* Exceptions for "ImagemagickDemo" folder in "ImagemagickDemo" target */ = {
			isa = PBXFileSystemSynchronizedBuildFileExceptionSet;
			membershipExceptions = (
				Info.plist,
			);
			target = 0044F8F32E5B294B00CB664B /* ImagemagickDemo */;
		};
/* End PBXFileSystemSynchronizedBuildFileExceptionSet section */

/* Begin PBXFileSystemSynchronizedRootGroup section */
		0044F8F62E5B294B00CB664B /* ImagemagickDemo */ = {
			isa = PBXFileSystemSynchronizedRootGroup;
			exceptions = (
				0044F9212E5B294C00CB664B /* Exceptions for "ImagemagickDemo" folder in "ImagemagickDemo" target */,
			);
			path = ImagemagickDemo;
			sourceTree = "<group>";
		};
		0044F9122E5B294C00CB664B /* ImagemagickDemoTests */ = {
			isa = PBXFileSystemSynchronizedRootGroup;
			path = ImagemagickDemoTests;
			sourceTree = "<group>";
		};
		0044F91C2E5B294C00CB664B /* ImagemagickDemoUITests */ = {
			isa = PBXFileSystemSynchronizedRootGroup;
			path = ImagemagickDemoUITests;
			sourceTree = "<group>";
		};
/* End PBXFileSystemSynchronizedRootGroup section */

/* Begin PBXFrameworksBuildPhase section */
		0044F8F12E5B294B00CB664B /* Frameworks */ = {
			isa = PBXFrameworksBuildPhase;
			buildActionMask = 2147483647;
			files = (
				004400C72E5B533100CB664B /* libiconv.tbd in Frameworks */,
				004400C52E5B52F800CB664B /* libz.tbd in Frameworks */,
				004400C32E5B52CC00CB664B /* CoreGraphics.framework in Frameworks */,
				004400C12E5B52C300CB664B /* CoreText.framework in Frameworks */,
				004400BC2E5B488B00CB664B /* UIKit.framework in Frameworks */,
			);
			runOnlyForDeploymentPostprocessing = 0;
		};
		0044F90C2E5B294C00CB664B /* Frameworks */ = {
			isa = PBXFrameworksBuildPhase;
			buildActionMask = 2147483647;
			files = (
			);
			runOnlyForDeploymentPostprocessing = 0;
		};
		0044F9162E5B294C00CB664B /* Frameworks */ = {
			isa = PBXFrameworksBuildPhase;
			buildActionMask = 2147483647;
			files = (
			);
			runOnlyForDeploymentPostprocessing = 0;
		};
/* End PBXFrameworksBuildPhase section */

/* Begin PBXGroup section */
		004400BA2E5B488A00CB664B /* Frameworks */ = {
			isa = PBXGroup;
			children = (
				004400C62E5B533100CB664B /* libiconv.tbd */,
				004400C42E5B52F800CB664B /* libz.tbd */,
				004400C22E5B52CC00CB664B /* CoreGraphics.framework */,
				004400C02E5B52C300CB664B /* CoreText.framework */,
				004400BB2E5B488B00CB664B /* UIKit.framework */,
			);
			name = Frameworks;
			sourceTree = "<group>";
		};
		0044F8EB2E5B294B00CB664B = {
			isa = PBXGroup;
			children = (
				0044F8F62E5B294B00CB664B /* ImagemagickDemo */,
				0044F9122E5B294C00CB664B /* ImagemagickDemoTests */,
				0044F91C2E5B294C00CB664B /* ImagemagickDemoUITests */,
				004400BA2E5B488A00CB664B /* Frameworks */,
				0044F8F52E5B294B00CB664B /* Products */,
			);
			sourceTree = "<group>";
		};
		0044F8F52E5B294B00CB664B /* Products */ = {
			isa = PBXGroup;
			children = (
				0044F8F42E5B294B00CB664B /* ImagemagickDemo.app */,
				0044F90F2E5B294C00CB664B /* ImagemagickDemoTests.xctest */,
				0044F9192E5B294C00CB664B /* ImagemagickDemoUITests.xctest */,
			);
			name = Products;
			sourceTree = "<group>";
		};
/* End PBXGroup section */

/* Begin PBXNativeTarget section */
		0044F8F32E5B294B00CB664B /* ImagemagickDemo */ = {
			isa = PBXNativeTarget;
			buildConfigurationList = 0044F9222E5B294C00CB664B /* Build configuration list for PBXNativeTarget "ImagemagickDemo" */;
			buildPhases = (
				0044F8F02E5B294B00CB664B /* Sources */,
				0044F8F12E5B294B00CB664B /* Frameworks */,
				0044F8F22E5B294B00CB664B /* Resources */,
			);
			buildRules = (
			);
			dependencies = (
			);
			fileSystemSynchronizedGroups = (
				0044F8F62E5B294B00CB664B /* ImagemagickDemo */,
			);
			name = ImagemagickDemo;
			packageProductDependencies = (
			);
			productName = ImagemagickDemo;
			productReference = 0044F8F42E5B294B00CB664B /* ImagemagickDemo.app */;
			productType = "com.apple.product-type.application";
		};
		0044F90E2E5B294C00CB664B /* ImagemagickDemoTests */ = {
			isa = PBXNativeTarget;
			buildConfigurationList = 0044F9272E5B294C00CB664B /* Build configuration list for PBXNativeTarget "ImagemagickDemoTests" */;
			buildPhases = (
				0044F90B2E5B294C00CB664B /* Sources */,
				0044F90C2E5B294C00CB664B /* Frameworks */,
				0044F90D2E5B294C00CB664B /* Resources */,
			);
			buildRules = (
			);
			dependencies = (
				0044F9112E5B294C00CB664B /* PBXTargetDependency */,
			);
			fileSystemSynchronizedGroups = (
				0044F9122E5B294C00CB664B /* ImagemagickDemoTests */,
			);
			name = ImagemagickDemoTests;
			packageProductDependencies = (
			);
			productName = ImagemagickDemoTests;
			productReference = 0044F90F2E5B294C00CB664B /* ImagemagickDemoTests.xctest */;
			productType = "com.apple.product-type.bundle.unit-test";
		};
		0044F9182E5B294C00CB664B /* ImagemagickDemoUITests */ = {
			isa = PBXNativeTarget;
			buildConfigurationList = 0044F92A2E5B294C00CB664B /* Build configuration list for PBXNativeTarget "ImagemagickDemoUITests" */;
			buildPhases = (
				0044F9152E5B294C00CB664B /* Sources */,
				0044F9162E5B294C00CB664B /* Frameworks */,
				0044F9172E5B294C00CB664B /* Resources */,
			);
			buildRules = (
			);
			dependencies = (
				0044F91B2E5B294C00CB664B /* PBXTargetDependency */,
			);
			fileSystemSynchronizedGroups = (
				0044F91C2E5B294C00CB664B /* ImagemagickDemoUITests */,
			);
			name = ImagemagickDemoUITests;
			packageProductDependencies = (
			);
			productName = ImagemagickDemoUITests;
			productReference = 0044F9192E5B294C00CB664B /* ImagemagickDemoUITests.xctest */;
			productType = "com.apple.product-type.bundle.ui-testing";
		};
/* End PBXNativeTarget section */

/* Begin PBXProject section */
		0044F8EC2E5B294B00CB664B /* Project object */ = {
			isa = PBXProject;
			attributes = {
				BuildIndependentTargetsInParallel = 1;
				LastUpgradeCheck = 1640;
				TargetAttributes = {
					0044F8F32E5B294B00CB664B = {
						CreatedOnToolsVersion = 16.4;
					};
					0044F90E2E5B294C00CB664B = {
						CreatedOnToolsVersion = 16.4;
						TestTargetID = 0044F8F32E5B294B00CB664B;
					};
					0044F9182E5B294C00CB664B = {
						CreatedOnToolsVersion = 16.4;
						TestTargetID = 0044F8F32E5B294B00CB664B;
					};
				};
			};
			buildConfigurationList = 0044F8EF2E5B294B00CB664B /* Build configuration list for PBXProject "ImagemagickDemo" */;
			developmentRegion = en;
			hasScannedForEncodings = 0;
			knownRegions = (
				en,
				Base,
			);
			mainGroup = 0044F8EB2E5B294B00CB664B;
			minimizedProjectReferenceProxies = 1;
			preferredProjectObjectVersion = 77;
			productRefGroup = 0044F8F52E5B294B00CB664B /* Products */;
			projectDirPath = "";
			projectRoot = "";
			targets = (
				0044F8F32E5B294B00CB664B /* ImagemagickDemo */,
				0044F90E2E5B294C00CB664B /* ImagemagickDemoTests */,
				0044F9182E5B294C00CB664B /* ImagemagickDemoUITests */,
			);
		};
/* End PBXProject section */

/* Begin PBXResourcesBuildPhase section */
		0044F8F22E5B294B00CB664B /* Resources */ = {
			isa = PBXResourcesBuildPhase;
			buildActionMask = 2147483647;
			files = (
			);
			runOnlyForDeploymentPostprocessing = 0;
		};
		0044F90D2E5B294C00CB664B /* Resources */ = {
			isa = PBXResourcesBuildPhase;
			buildActionMask = 2147483647;
			files = (
			);
			runOnlyForDeploymentPostprocessing = 0;
		};
		0044F9172E5B294C00CB664B /* Resources */ = {
			isa = PBXResourcesBuildPhase;
			buildActionMask = 2147483647;
			files = (
			);
			runOnlyForDeploymentPostprocessing = 0;
		};
/* End PBXResourcesBuildPhase section */

/* Begin PBXSourcesBuildPhase section */
		0044F8F02E5B294B00CB664B /* Sources */ = {
			isa = PBXSourcesBuildPhase;
			buildActionMask = 2147483647;
			files = (
			);
			runOnlyForDeploymentPostprocessing = 0;
		};
		0044F90B2E5B294C00CB664B /* Sources */ = {
			isa = PBXSourcesBuildPhase;
			buildActionMask = 2147483647;
			files = (
			);
			runOnlyForDeploymentPostprocessing = 0;
		};
		0044F9152E5B294C00CB664B /* Sources */ = {
			isa = PBXSourcesBuildPhase;
			buildActionMask = 2147483647;
			files = (
			);
			runOnlyForDeploymentPostprocessing = 0;
		};
/* End PBXSourcesBuildPhase section */

/* Begin PBXTargetDependency section */
		0044F9112E5B294C00CB664B /* PBXTargetDependency */ = {
			isa = PBXTargetDependency;
			target = 0044F8F32E5B294B00CB664B /* ImagemagickDemo */;
			targetProxy = 0044F9102E5B294C00CB664B /* PBXContainerItemProxy */;
		};
		0044F91B2E5B294C00CB664B /* PBXTargetDependency */ = {
			isa = PBXTargetDependency;
			target = 0044F8F32E5B294B00CB664B /* ImagemagickDemo */;
			targetProxy = 0044F91A2E5B294C00CB664B /* PBXContainerItemProxy */;
		};
/* End PBXTargetDependency section */

/* Begin XCBuildConfiguration section */
		0044F9232E5B294C00CB664B /* Debug */ = {
			isa = XCBuildConfiguration;
			buildSettings = {
				ALWAYS_SEARCH_USER_PATHS = NO;
				ASSETCATALOG_COMPILER_APPICON_NAME = AppIcon;
				ASSETCATALOG_COMPILER_GLOBAL_ACCENT_COLOR_NAME = AccentColor;
				CODE_SIGN_STYLE = Automatic;
				COMPRESS_PNG_FILES = NO;
				CURRENT_PROJECT_VERSION = 1;
				DEVELOPMENT_TEAM = 4GKD84VMPR;
				GCC_INPUT_FILETYPE = sourcecode.cpp.objcpp;
				GCC_PREPROCESSOR_DEFINITIONS = (
					"DEBUG=1",
					"$(inherited)",
					"MAGICKCORE_HDRI_ENABLE=1",
					"MAGICKCORE_HEIC_DELEGATE=1",
				);
				GENERATE_INFOPLIST_FILE = YES;
				HEADER_SEARCH_PATHS = "$(PROJECT_DIR)/ImagemagickDemo/imagemagic/include";
				INFOPLIST_FILE = ImagemagickDemo/Info.plist;
				INFOPLIST_KEY_UIApplicationSupportsIndirectInputEvents = YES;
				INFOPLIST_KEY_UILaunchStoryboardName = LaunchScreen;
				INFOPLIST_KEY_UIMainStoryboardFile = Main;
				INFOPLIST_KEY_UISupportedInterfaceOrientations_iPad = "UIInterfaceOrientationPortrait UIInterfaceOrientationPortraitUpsideDown UIInterfaceOrientationLandscapeLeft UIInterfaceOrientationLandscapeRight";
				INFOPLIST_KEY_UISupportedInterfaceOrientations_iPhone = "UIInterfaceOrientationPortrait UIInterfaceOrientationLandscapeLeft UIInterfaceOrientationLandscapeRight";
				LD_RUNPATH_SEARCH_PATHS = (
					"$(inherited)",
					"@executable_path/Frameworks",
				);
				LIBRARY_SEARCH_PATHS = (
					"$(inherited)",
					"$(PROJECT_DIR)/ImagemagickDemo/imagemagic/lib",
					"$(PROJECT_DIR)/ImagemagickDemo/imagemagic/3rdparty",
					"$(PROJECT_DIR)/ImagemagickDemo/imagemagic/3rdparty/x86_64",
					"$(PROJECT_DIR)/ImagemagickDemo/imagemagic/3rdparty/arm64",
				);
				MARKETING_VERSION = 1.0;
				OTHER_LDFLAGS = (
					"-force_load",
					"$(PROJECT_DIR)/ImagemagickDemo/imagemagic/lib/libMagickCore-7.Q16HDRI.a",
				);
				PRODUCT_BUNDLE_IDENTIFIER = com.zk.demo.ImagemagickDemo;
				PRODUCT_NAME = "$(TARGET_NAME)";
				STRIP_PNG_TEXT = NO;
				SWIFT_EMIT_LOC_STRINGS = YES;
				TARGETED_DEVICE_FAMILY = "1,2";
				USER_HEADER_SEARCH_PATHS = "";
				USE_HEADERMAP = NO;
			};
			name = Debug;
		};
		0044F9242E5B294C00CB664B /* Release */ = {
			isa = XCBuildConfiguration;
			buildSettings = {
				ALWAYS_SEARCH_USER_PATHS = NO;
				ASSETCATALOG_COMPILER_APPICON_NAME = AppIcon;
				ASSETCATALOG_COMPILER_GLOBAL_ACCENT_COLOR_NAME = AccentColor;
				CODE_SIGN_STYLE = Automatic;
				COMPRESS_PNG_FILES = NO;
				CURRENT_PROJECT_VERSION = 1;
				DEVELOPMENT_TEAM = 4GKD84VMPR;
				GCC_INPUT_FILETYPE = sourcecode.cpp.objcpp;
				GCC_PREPROCESSOR_DEFINITIONS = (
					"MAGICKCORE_HDRI_ENABLE=1",
					"MAGICKCORE_HEIC_DELEGATE=1",
				);
				GENERATE_INFOPLIST_FILE = YES;
				HEADER_SEARCH_PATHS = "$(PROJECT_DIR)/ImagemagickDemo/imagemagic/include";
				INFOPLIST_FILE = ImagemagickDemo/Info.plist;
				INFOPLIST_KEY_UIApplicationSupportsIndirectInputEvents = YES;
				INFOPLIST_KEY_UILaunchStoryboardName = LaunchScreen;
				INFOPLIST_KEY_UIMainStoryboardFile = Main;
				INFOPLIST_KEY_UISupportedInterfaceOrientations_iPad = "UIInterfaceOrientationPortrait UIInterfaceOrientationPortraitUpsideDown UIInterfaceOrientationLandscapeLeft UIInterfaceOrientationLandscapeRight";
				INFOPLIST_KEY_UISupportedInterfaceOrientations_iPhone = "UIInterfaceOrientationPortrait UIInterfaceOrientationLandscapeLeft UIInterfaceOrientationLandscapeRight";
				LD_RUNPATH_SEARCH_PATHS = (
					"$(inherited)",
					"@executable_path/Frameworks",
				);
				LIBRARY_SEARCH_PATHS = (
					"$(inherited)",
					"$(PROJECT_DIR)/ImagemagickDemo/imagemagic/lib",
					"$(PROJECT_DIR)/ImagemagickDemo/imagemagic/3rdparty",
					"$(PROJECT_DIR)/ImagemagickDemo/imagemagic/3rdparty/x86_64",
					"$(PROJECT_DIR)/ImagemagickDemo/imagemagic/3rdparty/arm64",
				);
				MARKETING_VERSION = 1.0;
				OTHER_LDFLAGS = (
					"-force_load",
					"$(PROJECT_DIR)/ImagemagickDemo/imagemagic/lib/libMagickCore-7.Q16HDRI.a",
				);
				PRODUCT_BUNDLE_IDENTIFIER = com.zk.demo.ImagemagickDemo;
				PRODUCT_NAME = "$(TARGET_NAME)";
				STRIP_PNG_TEXT = NO;
				SWIFT_EMIT_LOC_STRINGS = YES;
				TARGETED_DEVICE_FAMILY = "1,2";
				USER_HEADER_SEARCH_PATHS = "";
				USE_HEADERMAP = NO;
			};
			name = Release;
		};
		0044F9252E5B294C00CB664B /* Debug */ = {
			isa = XCBuildConfiguration;
			buildSettings = {
				ALWAYS_SEARCH_USER_PATHS = NO;
				ASSETCATALOG_COMPILER_GENERATE_SWIFT_ASSET_SYMBOL_EXTENSIONS = YES;
				CLANG_ANALYZER_NONNULL = YES;
				CLANG_ANALYZER_NUMBER_OBJECT_CONVERSION = YES_AGGRESSIVE;
				CLANG_CXX_LANGUAGE_STANDARD = "gnu++20";
				CLANG_ENABLE_MODULES = YES;
				CLANG_ENABLE_OBJC_ARC = YES;
				CLANG_ENABLE_OBJC_WEAK = YES;
				CLANG_WARN_BLOCK_CAPTURE_AUTORELEASING = YES;
				CLANG_WARN_BOOL_CONVERSION = YES;
				CLANG_WARN_COMMA = YES;
				CLANG_WARN_CONSTANT_CONVERSION = YES;
				CLANG_WARN_DEPRECATED_OBJC_IMPLEMENTATIONS = YES;
				CLANG_WARN_DIRECT_OBJC_ISA_USAGE = YES_ERROR;
				CLANG_WARN_DOCUMENTATION_COMMENTS = YES;
				CLANG_WARN_EMPTY_BODY = YES;
				CLANG_WARN_ENUM_CONVERSION = YES;
				CLANG_WARN_INFINITE_RECURSION = YES;
				CLANG_WARN_INT_CONVERSION = YES;
				CLANG_WARN_NON_LITERAL_NULL_CONVERSION = YES;
				CLANG_WARN_OBJC_IMPLICIT_RETAIN_SELF = YES;
				CLANG_WARN_OBJC_LITERAL_CONVERSION = YES;
				CLANG_WARN_OBJC_ROOT_CLASS = YES_ERROR;
				CLANG_WARN_QUOTED_INCLUDE_IN_FRAMEWORK_HEADER = YES;
				CLANG_WARN_RANGE_LOOP_ANALYSIS = YES;
				CLANG_WARN_STRICT_PROTOTYPES = YES;
				CLANG_WARN_SUSPICIOUS_MOVE = YES;
				CLANG_WARN_UNGUARDED_AVAILABILITY = YES_AGGRESSIVE;
				CLANG_WARN_UNREACHABLE_CODE = YES;
				CLANG_WARN__DUPLICATE_METHOD_MATCH = YES;
				COPY_PHASE_STRIP = NO;
				DEBUG_INFORMATION_FORMAT = dwarf;
				DEVELOPMENT_TEAM = ZXCPZNU9F5;
				ENABLE_STRICT_OBJC_MSGSEND = YES;
				ENABLE_TESTABILITY = YES;
				ENABLE_USER_SCRIPT_SANDBOXING = YES;
				GCC_C_LANGUAGE_STANDARD = gnu17;
				GCC_DYNAMIC_NO_PIC = NO;
				GCC_NO_COMMON_BLOCKS = YES;
				GCC_OPTIMIZATION_LEVEL = 0;
				GCC_PREPROCESSOR_DEFINITIONS = (
					"DEBUG=1",
					"$(inherited)",
				);
				GCC_WARN_64_TO_32_BIT_CONVERSION = YES;
				GCC_WARN_ABOUT_RETURN_TYPE = YES_ERROR;
				GCC_WARN_UNDECLARED_SELECTOR = YES;
				GCC_WARN_UNINITIALIZED_AUTOS = YES_AGGRESSIVE;
				GCC_WARN_UNUSED_FUNCTION = YES;
				GCC_WARN_UNUSED_VARIABLE = YES;
				IPHONEOS_DEPLOYMENT_TARGET = 18.5;
				LOCALIZATION_PREFERS_STRING_CATALOGS = YES;
				MTL_ENABLE_DEBUG_INFO = INCLUDE_SOURCE;
				MTL_FAST_MATH = YES;
				ONLY_ACTIVE_ARCH = YES;
				SDKROOT = iphoneos;
			};
			name = Debug;
		};
		0044F9262E5B294C00CB664B /* Release */ = {
			isa = XCBuildConfiguration;
			buildSettings = {
				ALWAYS_SEARCH_USER_PATHS = NO;
				ASSETCATALOG_COMPILER_GENERATE_SWIFT_ASSET_SYMBOL_EXTENSIONS = YES;
				CLANG_ANALYZER_NONNULL = YES;
				CLANG_ANALYZER_NUMBER_OBJECT_CONVERSION = YES_AGGRESSIVE;
				CLANG_CXX_LANGUAGE_STANDARD = "gnu++20";
				CLANG_ENABLE_MODULES = YES;
				CLANG_ENABLE_OBJC_ARC = YES;
				CLANG_ENABLE_OBJC_WEAK = YES;
				CLANG_WARN_BLOCK_CAPTURE_AUTORELEASING = YES;
				CLANG_WARN_BOOL_CONVERSION = YES;
				CLANG_WARN_COMMA = YES;
				CLANG_WARN_CONSTANT_CONVERSION = YES;
				CLANG_WARN_DEPRECATED_OBJC_IMPLEMENTATIONS = YES;
				CLANG_WARN_DIRECT_OBJC_ISA_USAGE = YES_ERROR;
				CLANG_WARN_DOCUMENTATION_COMMENTS = YES;
				CLANG_WARN_EMPTY_BODY = YES;
				CLANG_WARN_ENUM_CONVERSION = YES;
				CLANG_WARN_INFINITE_RECURSION = YES;
				CLANG_WARN_INT_CONVERSION = YES;
				CLANG_WARN_NON_LITERAL_NULL_CONVERSION = YES;
				CLANG_WARN_OBJC_IMPLICIT_RETAIN_SELF = YES;
				CLANG_WARN_OBJC_LITERAL_CONVERSION = YES;
				CLANG_WARN_OBJC_ROOT_CLASS = YES_ERROR;
				CLANG_WARN_QUOTED_INCLUDE_IN_FRAMEWORK_HEADER = YES;
				CLANG_WARN_RANGE_LOOP_ANALYSIS = YES;
				CLANG_WARN_STRICT_PROTOTYPES = YES;
				CLANG_WARN_SUSPICIOUS_MOVE = YES;
				CLANG_WARN_UNGUARDED_AVAILABILITY = YES_AGGRESSIVE;
				CLANG_WARN_UNREACHABLE_CODE = YES;
				CLANG_WARN__DUPLICATE_METHOD_MATCH = YES;
				COPY_PHASE_STRIP = NO;
				DEBUG_INFORMATION_FORMAT = "dwarf-with-dsym";
				DEVELOPMENT_TEAM = ZXCPZNU9F5;
				ENABLE_NS_ASSERTIONS = NO;
				ENABLE_STRICT_OBJC_MSGSEND = YES;
				ENABLE_USER_SCRIPT_SANDBOXING = YES;
				GCC_C_LANGUAGE_STANDARD = gnu17;
				GCC_NO_COMMON_BLOCKS = YES;
				GCC_WARN_64_TO_32_BIT_CONVERSION = YES;
				GCC_WARN_ABOUT_RETURN_TYPE = YES_ERROR;
				GCC_WARN_UNDECLARED_SELECTOR = YES;
				GCC_WARN_UNINITIALIZED_AUTOS = YES_AGGRESSIVE;
				GCC_WARN_UNUSED_FUNCTION = YES;
				GCC_WARN_UNUSED_VARIABLE = YES;
				IPHONEOS_DEPLOYMENT_TARGET = 18.5;
				LOCALIZATION_PREFERS_STRING_CATALOGS = YES;
				MTL_ENABLE_DEBUG_INFO = NO;
				MTL_FAST_MATH = YES;
				SDKROOT = iphoneos;
				VALIDATE_PRODUCT = YES;
			};
			name = Release;
		};
		0044F9282E5B294C00CB664B /* Debug */ = {
			isa = XCBuildConfiguration;
			buildSettings = {
				BUNDLE_LOADER = "$(TEST_HOST)";
				CODE_SIGN_STYLE = Automatic;
				CURRENT_PROJECT_VERSION = 1;
				DEVELOPMENT_TEAM = ZXCPZNU9F5;
				GENERATE_INFOPLIST_FILE = YES;
				IPHONEOS_DEPLOYMENT_TARGET = 18.5;
				MARKETING_VERSION = 1.0;
				PRODUCT_BUNDLE_IDENTIFIER = com.zk.demo.ImagemagickDemoTests;
				PRODUCT_NAME = "$(TARGET_NAME)";
				SWIFT_EMIT_LOC_STRINGS = NO;
				TARGETED_DEVICE_FAMILY = "1,2";
				TEST_HOST = "$(BUILT_PRODUCTS_DIR)/ImagemagickDemo.app/$(BUNDLE_EXECUTABLE_FOLDER_PATH)/ImagemagickDemo";
			};
			name = Debug;
		};
		0044F9292E5B294C00CB664B /* Release */ = {
			isa = XCBuildConfiguration;
			buildSettings = {
				BUNDLE_LOADER = "$(TEST_HOST)";
				CODE_SIGN_STYLE = Automatic;
				CURRENT_PROJECT_VERSION = 1;
				DEVELOPMENT_TEAM = ZXCPZNU9F5;
				GENERATE_INFOPLIST_FILE = YES;
				IPHONEOS_DEPLOYMENT_TARGET = 18.5;
				MARKETING_VERSION = 1.0;
				PRODUCT_BUNDLE_IDENTIFIER = com.zk.demo.ImagemagickDemoTests;
				PRODUCT_NAME = "$(TARGET_NAME)";
				SWIFT_EMIT_LOC_STRINGS = NO;
				TARGETED_DEVICE_FAMILY = "1,2";
				TEST_HOST = "$(BUILT_PRODUCTS_DIR)/ImagemagickDemo.app/$(BUNDLE_EXECUTABLE_FOLDER_PATH)/ImagemagickDemo";
			};
			name = Release;
		};
		0044F92B2E5B294C00CB664B /* Debug */ = {
			isa = XCBuildConfiguration;
			buildSettings = {
				CODE_SIGN_STYLE = Automatic;
				CURRENT_PROJECT_VERSION = 1;
				DEVELOPMENT_TEAM = ZXCPZNU9F5;
				GENERATE_INFOPLIST_FILE = YES;
				MARKETING_VERSION = 1.0;
				PRODUCT_BUNDLE_IDENTIFIER = com.zk.demo.ImagemagickDemoUITests;
				PRODUCT_NAME = "$(TARGET_NAME)";
				SWIFT_EMIT_LOC_STRINGS = NO;
				TARGETED_DEVICE_FAMILY = "1,2";
				TEST_TARGET_NAME = ImagemagickDemo;
			};
			name = Debug;
		};
		0044F92C2E5B294C00CB664B /* Release */ = {
			isa = XCBuildConfiguration;
			buildSettings = {
				CODE_SIGN_STYLE = Automatic;
				CURRENT_PROJECT_VERSION = 1;
				DEVELOPMENT_TEAM = ZXCPZNU9F5;
				GENERATE_INFOPLIST_FILE = YES;
				MARKETING_VERSION = 1.0;
				PRODUCT_BUNDLE_IDENTIFIER = com.zk.demo.ImagemagickDemoUITests;
				PRODUCT_NAME = "$(TARGET_NAME)";
				SWIFT_EMIT_LOC_STRINGS = NO;
				TARGETED_DEVICE_FAMILY = "1,2";
				TEST_TARGET_NAME = ImagemagickDemo;
			};
			name = Release;
		};
/* End XCBuildConfiguration section */

/* Begin XCConfigurationList section */
		0044F8EF2E5B294B00CB664B /* Build configuration list for PBXProject "ImagemagickDemo" */ = {
			isa = XCConfigurationList;
			buildConfigurations = (
				0044F9252E5B294C00CB664B /* Debug */,
				0044F9262E5B294C00CB664B /* Release */,
			);
			defaultConfigurationIsVisible = 0;
			defaultConfigurationName = Release;
		};
		0044F9222E5B294C00CB664B /* Build configuration list for PBXNativeTarget "ImagemagickDemo" */ = {
			isa = XCConfigurationList;
			buildConfigurations = (
				0044F9232E5B294C00CB664B /* Debug */,
				0044F9242E5B294C00CB664B /* Release */,
			);
			defaultConfigurationIsVisible = 0;
			defaultConfigurationName = Release;
		};
		0044F9272E5B294C00CB664B /* Build configuration list for PBXNativeTarget "ImagemagickDemoTests" */ = {
			isa = XCConfigurationList;
			buildConfigurations = (
				0044F9282E5B294C00CB664B /* Debug */,
				0044F9292E5B294C00CB664B /* Release */,
			);
			defaultConfigurationIsVisible = 0;
			defaultConfigurationName = Release;
		};
		0044F92A2E5B294C00CB664B /* Build configuration list for PBXNativeTarget "ImagemagickDemoUITests" */ = {
			isa = XCConfigurationList;
			buildConfigurations = (
				0044F92B2E5B294C00CB664B /* Debug */,
				0044F92C2E5B294C00CB664B /* Release */,
			);
			defaultConfigurationIsVisible = 0;
			defaultConfigurationName = Release;
		};
/* End XCConfigurationList section */
	};
	rootObject = 0044F8EC2E5B294B00CB664B /* Project object */;
}
